
Microsoft Visual Studio Solution File, Format Version 12.00
# Visual Studio 15
VisualStudioVersion = 15.0.26009.0
MinimumVisualStudioVersion = 10.0.40219.1
Project("{2150E333-8FDC-42A3-9474-1A3956D46DE8}") = "src", "src", "{243A284D-C4FB-4A68-9194-E9BB0807D839}"
EndProject
Project("{2150E333-8FDC-42A3-9474-1A3956D46DE8}") = "test", "test", "{E0DFB91F-4AD1-40F6-99FD-53DE3CB705FC}"
EndProject
Project("{9A19103F-16F7-4668-BE54-9A1E7A4F7556}") = "TemplateValidator", "src\TemplateValidator\TemplateValidator.csproj", "{2AD2985B-BC33-48D4-9FD3-6729A484613B}"
EndProject
Project("{9A19103F-16F7-4668-BE54-9A1E7A4F7556}") = "TemplateValidator.Test", "test\TemplateValidator.Test\TemplateValidator.Test.csproj", "{1A95F757-E1C3-45A2-8CA4-749508146C92}"
EndProject
Global
	GlobalSection(SolutionConfigurationPlatforms) = preSolution
		Debug|Any CPU = Debug|Any CPU
		Release|Any CPU = Release|Any CPU
	EndGlobalSection
	GlobalSection(ProjectConfigurationPlatforms) = postSolution
		{2AD2985B-BC33-48D4-9FD3-6729A484613B}.Debug|Any CPU.ActiveCfg = Debug|Any CPU
		{2AD2985B-BC33-48D4-9FD3-6729A484613B}.Debug|Any CPU.Build.0 = Debug|Any CPU
		{2AD2985B-BC33-48D4-9FD3-6729A484613B}.Release|Any CPU.ActiveCfg = Release|Any CPU
		{2AD2985B-BC33-48D4-9FD3-6729A484613B}.Release|Any CPU.Build.0 = Release|Any CPU
		{1A95F757-E1C3-45A2-8CA4-749508146C92}.Debug|Any CPU.ActiveCfg = Debug|Any CPU
		{1A95F757-E1C3-45A2-8CA4-749508146C92}.Debug|Any CPU.Build.0 = Debug|Any CPU
		{1A95F757-E1C3-45A2-8CA4-749508146C92}.Release|Any CPU.ActiveCfg = Release|Any CPU
		{1A95F757-E1C3-45A2-8CA4-749508146C92}.Release|Any CPU.Build.0 = Release|Any CPU
	EndGlobalSection
	GlobalSection(SolutionProperties) = preSolution
		HideSolutionNode = FALSE
	EndGlobalSection
	GlobalSection(NestedProjects) = preSolution
		{2AD2985B-BC33-48D4-9FD3-6729A484613B} = {243A284D-C4FB-4A68-9194-E9BB0807D839}
		{1A95F757-E1C3-45A2-8CA4-749508146C92} = {E0DFB91F-4AD1-40F6-99FD-53DE3CB705FC}
	EndGlobalSection
EndGlobal
